# This file is automatically @generated by Cargo.
# It is not intended for manual editing.
version = 4

[[package]]
name = "aether"
version = "0.1.0"
source = "git+https://github.com/SisyphusAeolides/Arach-Kernel.git?rev=c2507bb21c516dc68a4e45c4b29c45615dedc4df#c2507bb21c516dc68a4e45c4b29c45615dedc4df"

[[package]]
name = "kairos"
version = "0.1.0"
source = "git+https://github.com/SisyphusAeolides/Arach-Kernel.git?rev=c2507bb21c516dc68a4e45c4b29c45615dedc4df#c2507bb21c516dc68a4e45c4b29c45615dedc4df"

[[package]]
name = "slope"
version = "0.1.0"
dependencies = [
 "aether",
 "kairos",
]
