# This file is automatically @generated by Cargo.
# It is not intended for manual editing.
version = 4

[[package]]
name = "aether"
version = "0.1.0"
source = "git+https://github.com/SisyphusAeolides/Arach-Kernel.git?rev=f65bd5ad883e0cfff01a670baa4768e13f0f9159#f65bd5ad883e0cfff01a670baa4768e13f0f9159"

[[package]]
name = "kairos"
version = "0.1.0"
source = "git+https://github.com/SisyphusAeolides/Arach-Kernel.git?rev=f65bd5ad883e0cfff01a670baa4768e13f0f9159#f65bd5ad883e0cfff01a670baa4768e13f0f9159"

[[package]]
name = "slope"
version = "0.1.0"
dependencies = [
 "aether",
 "kairos",
]
