# This file is automatically @generated by Cargo.
# It is not intended for manual editing.
version = 4

[[package]]
name = "aether"
version = "0.1.0"
source = "git+https://github.com/SisyphusAeolides/Arach-Kernel.git?rev=a0975ecca412a77be364ceb992b3a6b46dddc6cd#a0975ecca412a77be364ceb992b3a6b46dddc6cd"

[[package]]
name = "kairos"
version = "0.1.0"
source = "git+https://github.com/SisyphusAeolides/Arach-Kernel.git?rev=a0975ecca412a77be364ceb992b3a6b46dddc6cd#a0975ecca412a77be364ceb992b3a6b46dddc6cd"

[[package]]
name = "slope"
version = "0.1.0"
dependencies = [
 "aether",
 "kairos",
]
